
Microsoft Visual Studio Solution File, Format Version 12.00
# Visual Studio Version 17
VisualStudioVersion = 17.13.35919.96 d17.13
MinimumVisualStudioVersion = 10.0.40219.1
Project("{FAE04EC0-301F-11D3-BF4B-00C04F79EFBC}") = "ApplicationFirst", "ApplicationFirst\ApplicationFirst.csproj", "{B537C14C-C57E-425B-A777-79A7B986A18F}"
EndProject
Global
	GlobalSection(SolutionConfigurationPlatforms) = preSolution
		Debug|Any CPU = Debug|Any CPU
		Release|Any CPU = Release|Any CPU
	EndGlobalSection
	GlobalSection(ProjectConfigurationPlatforms) = postSolution
		{B537C14C-C57E-425B-A777-79A7B986A18F}.Debug|Any CPU.ActiveCfg = Debug|Any CPU
		{B537C14C-C57E-425B-A777-79A7B986A18F}.Debug|Any CPU.Build.0 = Debug|Any CPU
		{B537C14C-C57E-425B-A777-79A7B986A18F}.Release|Any CPU.ActiveCfg = Release|Any CPU
		{B537C14C-C57E-425B-A777-79A7B986A18F}.Release|Any CPU.Build.0 = Release|Any CPU
	EndGlobalSection
	GlobalSection(SolutionProperties) = preSolution
		HideSolutionNode = FALSE
	EndGlobalSection
	GlobalSection(ExtensibilityGlobals) = postSolution
		SolutionGuid = {D944A996-4694-4D64-B000-D3865CFFB389}
	EndGlobalSection
EndGlobal
